
Microsoft Visual Studio Solution File, Format Version 12.00
# Visual Studio Version 17
VisualStudioVersion = 17.7.34018.315
MinimumVisualStudioVersion = 10.0.40219.1
Project("{FAE04EC0-301F-11D3-BF4B-00C04F79EFBC}") = "GroupStudyWebApplicationMvc", "GroupStudyWebApplicationMvc\GroupStudyWebApplicationMvc.csproj", "{7E21BAC6-0ADE-428F-A755-6E0C86836281}"
EndProject
Global
	GlobalSection(SolutionConfigurationPlatforms) = preSolution
		Debug|Any CPU = Debug|Any CPU
		Release|Any CPU = Release|Any CPU
	EndGlobalSection
	GlobalSection(ProjectConfigurationPlatforms) = postSolution
		{7E21BAC6-0ADE-428F-A755-6E0C86836281}.Debug|Any CPU.ActiveCfg = Debug|Any CPU
		{7E21BAC6-0ADE-428F-A755-6E0C86836281}.Debug|Any CPU.Build.0 = Debug|Any CPU
		{7E21BAC6-0ADE-428F-A755-6E0C86836281}.Release|Any CPU.ActiveCfg = Release|Any CPU
		{7E21BAC6-0ADE-428F-A755-6E0C86836281}.Release|Any CPU.Build.0 = Release|Any CPU
	EndGlobalSection
	GlobalSection(SolutionProperties) = preSolution
		HideSolutionNode = FALSE
	EndGlobalSection
	GlobalSection(ExtensibilityGlobals) = postSolution
		SolutionGuid = {631F7866-2B01-4523-BA1F-21A162EDC608}
	EndGlobalSection
EndGlobal
